
Microsoft Visual Studio Solution File, Format Version 12.00
# Visual Studio 2012
Project("{FAE04EC0-301F-11D3-BF4B-00C04F79EFBC}") = "day7of50_oddNaturalNumbersAndTheirSum", "day7of50_oddNaturalNumbersAndTheirSum.csproj", "{89929842-8A7B-48CF-88E7-FAAC89416BB7}"
EndProject
Global
	GlobalSection(SolutionConfigurationPlatforms) = preSolution
		Debug|Any CPU = Debug|Any CPU
		Release|Any CPU = Release|Any CPU
	EndGlobalSection
	GlobalSection(ProjectConfigurationPlatforms) = postSolution
		{89929842-8A7B-48CF-88E7-FAAC89416BB7}.Debug|Any CPU.ActiveCfg = Debug|Any CPU
		{89929842-8A7B-48CF-88E7-FAAC89416BB7}.Debug|Any CPU.Build.0 = Debug|Any CPU
		{89929842-8A7B-48CF-88E7-FAAC89416BB7}.Release|Any CPU.ActiveCfg = Release|Any CPU
		{89929842-8A7B-48CF-88E7-FAAC89416BB7}.Release|Any CPU.Build.0 = Release|Any CPU
	EndGlobalSection
EndGlobal
